
Microsoft Visual Studio Solution File, Format Version 12.00
# Visual Studio Version 17
VisualStudioVersion = 17.0.31903.59
MinimumVisualStudioVersion = 10.0.40219.1
Project("{2150E333-8FDC-42A3-9474-1A3956D46DE8}") = "src", "src", "{827E0CD3-B72D-47B6-A68D-7590B98EB39B}"
EndProject
Project("{FAE04EC0-301F-11D3-BF4B-00C04F79EFBC}") = "HR.Domain", "src\HR.Domain\HR.Domain.csproj", "{D7F82B39-1F2E-4B59-AB47-159CD09D7116}"
EndProject
Project("{FAE04EC0-301F-11D3-BF4B-00C04F79EFBC}") = "HR.Infrastructure", "src\HR.Infrastructure\HR.Infrastructure.csproj", "{754E0C5C-FAA6-4554-B829-72DA771D6E3E}"
EndProject
Project("{FAE04EC0-301F-11D3-BF4B-00C04F79EFBC}") = "HR.Web", "src\HR.Web\HR.Web.csproj", "{F08E975E-F576-45C9-9689-9B2ABBEED9FD}"
EndProject
Project("{2150E333-8FDC-42A3-9474-1A3956D46DE8}") = "tests", "tests", "{0AB3BF05-4346-4AA6-1389-037BE0695223}"
EndProject
Project("{FAE04EC0-301F-11D3-BF4B-00C04F79EFBC}") = "HR.Tests", "tests\HR.Tests\HR.Tests.csproj", "{94E2DB09-9A79-4E04-9FE9-73B1059C53B2}"
EndProject
Global
	GlobalSection(SolutionConfigurationPlatforms) = preSolution
		Debug|Any CPU = Debug|Any CPU
		Debug|x64 = Debug|x64
		Debug|x86 = Debug|x86
		Release|Any CPU = Release|Any CPU
		Release|x64 = Release|x64
		Release|x86 = Release|x86
	EndGlobalSection
	GlobalSection(ProjectConfigurationPlatforms) = postSolution
		{D7F82B39-1F2E-4B59-AB47-159CD09D7116}.Debug|Any CPU.ActiveCfg = Debug|Any CPU
		{D7F82B39-1F2E-4B59-AB47-159CD09D7116}.Debug|Any CPU.Build.0 = Debug|Any CPU
		{D7F82B39-1F2E-4B59-AB47-159CD09D7116}.Debug|x64.ActiveCfg = Debug|Any CPU
		{D7F82B39-1F2E-4B59-AB47-159CD09D7116}.Debug|x64.Build.0 = Debug|Any CPU
		{D7F82B39-1F2E-4B59-AB47-159CD09D7116}.Debug|x86.ActiveCfg = Debug|Any CPU
		{D7F82B39-1F2E-4B59-AB47-159CD09D7116}.Debug|x86.Build.0 = Debug|Any CPU
		{D7F82B39-1F2E-4B59-AB47-159CD09D7116}.Release|Any CPU.ActiveCfg = Release|Any CPU
		{D7F82B39-1F2E-4B59-AB47-159CD09D7116}.Release|Any CPU.Build.0 = Release|Any CPU
		{D7F82B39-1F2E-4B59-AB47-159CD09D7116}.Release|x64.ActiveCfg = Release|Any CPU
		{D7F82B39-1F2E-4B59-AB47-159CD09D7116}.Release|x64.Build.0 = Release|Any CPU
		{D7F82B39-1F2E-4B59-AB47-159CD09D7116}.Release|x86.ActiveCfg = Release|Any CPU
		{D7F82B39-1F2E-4B59-AB47-159CD09D7116}.Release|x86.Build.0 = Release|Any CPU
		{754E0C5C-FAA6-4554-B829-72DA771D6E3E}.Debug|Any CPU.ActiveCfg = Debug|Any CPU
		{754E0C5C-FAA6-4554-B829-72DA771D6E3E}.Debug|Any CPU.Build.0 = Debug|Any CPU
		{754E0C5C-FAA6-4554-B829-72DA771D6E3E}.Debug|x64.ActiveCfg = Debug|Any CPU
		{754E0C5C-FAA6-4554-B829-72DA771D6E3E}.Debug|x64.Build.0 = Debug|Any CPU
		{754E0C5C-FAA6-4554-B829-72DA771D6E3E}.Debug|x86.ActiveCfg = Debug|Any CPU
		{754E0C5C-FAA6-4554-B829-72DA771D6E3E}.Debug|x86.Build.0 = Debug|Any CPU
		{754E0C5C-FAA6-4554-B829-72DA771D6E3E}.Release|Any CPU.ActiveCfg = Release|Any CPU
		{754E0C5C-FAA6-4554-B829-72DA771D6E3E}.Release|Any CPU.Build.0 = Release|Any CPU
		{754E0C5C-FAA6-4554-B829-72DA771D6E3E}.Release|x64.ActiveCfg = Release|Any CPU
		{754E0C5C-FAA6-4554-B829-72DA771D6E3E}.Release|x64.Build.0 = Release|Any CPU
		{754E0C5C-FAA6-4554-B829-72DA771D6E3E}.Release|x86.ActiveCfg = Release|Any CPU
		{754E0C5C-FAA6-4554-B829-72DA771D6E3E}.Release|x86.Build.0 = Release|Any CPU
		{F08E975E-F576-45C9-9689-9B2ABBEED9FD}.Debug|Any CPU.ActiveCfg = Debug|Any CPU
		{F08E975E-F576-45C9-9689-9B2ABBEED9FD}.Debug|Any CPU.Build.0 = Debug|Any CPU
		{F08E975E-F576-45C9-9689-9B2ABBEED9FD}.Debug|x64.ActiveCfg = Debug|Any CPU
		{F08E975E-F576-45C9-9689-9B2ABBEED9FD}.Debug|x64.Build.0 = Debug|Any CPU
		{F08E975E-F576-45C9-9689-9B2ABBEED9FD}.Debug|x86.ActiveCfg = Debug|Any CPU
		{F08E975E-F576-45C9-9689-9B2ABBEED9FD}.Debug|x86.Build.0 = Debug|Any CPU
		{F08E975E-F576-45C9-9689-9B2ABBEED9FD}.Release|Any CPU.ActiveCfg = Release|Any CPU
		{F08E975E-F576-45C9-9689-9B2ABBEED9FD}.Release|Any CPU.Build.0 = Release|Any CPU
		{F08E975E-F576-45C9-9689-9B2ABBEED9FD}.Release|x64.ActiveCfg = Release|Any CPU
		{F08E975E-F576-45C9-9689-9B2ABBEED9FD}.Release|x64.Build.0 = Release|Any CPU
		{F08E975E-F576-45C9-9689-9B2ABBEED9FD}.Release|x86.ActiveCfg = Release|Any CPU
		{F08E975E-F576-45C9-9689-9B2ABBEED9FD}.Release|x86.Build.0 = Release|Any CPU
		{94E2DB09-9A79-4E04-9FE9-73B1059C53B2}.Debug|Any CPU.ActiveCfg = Debug|Any CPU
		{94E2DB09-9A79-4E04-9FE9-73B1059C53B2}.Debug|Any CPU.Build.0 = Debug|Any CPU
		{94E2DB09-9A79-4E04-9FE9-73B1059C53B2}.Debug|x64.ActiveCfg = Debug|Any CPU
		{94E2DB09-9A79-4E04-9FE9-73B1059C53B2}.Debug|x64.Build.0 = Debug|Any CPU
		{94E2DB09-9A79-4E04-9FE9-73B1059C53B2}.Debug|x86.ActiveCfg = Debug|Any CPU
		{94E2DB09-9A79-4E04-9FE9-73B1059C53B2}.Debug|x86.Build.0 = Debug|Any CPU
		{94E2DB09-9A79-4E04-9FE9-73B1059C53B2}.Release|Any CPU.ActiveCfg = Release|Any CPU
		{94E2DB09-9A79-4E04-9FE9-73B1059C53B2}.Release|Any CPU.Build.0 = Release|Any CPU
		{94E2DB09-9A79-4E04-9FE9-73B1059C53B2}.Release|x64.ActiveCfg = Release|Any CPU
		{94E2DB09-9A79-4E04-9FE9-73B1059C53B2}.Release|x64.Build.0 = Release|Any CPU
		{94E2DB09-9A79-4E04-9FE9-73B1059C53B2}.Release|x86.ActiveCfg = Release|Any CPU
		{94E2DB09-9A79-4E04-9FE9-73B1059C53B2}.Release|x86.Build.0 = Release|Any CPU
	EndGlobalSection
	GlobalSection(SolutionProperties) = preSolution
		HideSolutionNode = FALSE
	EndGlobalSection
	GlobalSection(NestedProjects) = preSolution
		{D7F82B39-1F2E-4B59-AB47-159CD09D7116} = {827E0CD3-B72D-47B6-A68D-7590B98EB39B}
		{754E0C5C-FAA6-4554-B829-72DA771D6E3E} = {827E0CD3-B72D-47B6-A68D-7590B98EB39B}
		{F08E975E-F576-45C9-9689-9B2ABBEED9FD} = {827E0CD3-B72D-47B6-A68D-7590B98EB39B}
		{94E2DB09-9A79-4E04-9FE9-73B1059C53B2} = {0AB3BF05-4346-4AA6-1389-037BE0695223}
	EndGlobalSection
EndGlobal
